
Microsoft Visual Studio Solution File, Format Version 12.00
# Visual Studio Version 16
VisualStudioVersion = 16.0.29021.104
MinimumVisualStudioVersion = 10.0.40219.1
Project("{9A19103F-16F7-4668-BE54-9A1E7A4F7556}") = "BlazorBug04", "BlazorBug04\BlazorBug04.csproj", "{E4CE74EF-B832-485C-B68F-47CC9693C885}"
EndProject
Project("{2150E333-8FDC-42A3-9474-1A3956D46DE8}") = "Solution", "Solution", "{A11E1C8E-516C-4C31-8405-47AE5CBC38D0}"
	ProjectSection(SolutionItems) = preProject
		BlazorBug04.gif = BlazorBug04.gif
		README.md = README.md
	EndProjectSection
EndProject
Global
	GlobalSection(SolutionConfigurationPlatforms) = preSolution
		Debug|Any CPU = Debug|Any CPU
		Release|Any CPU = Release|Any CPU
	EndGlobalSection
	GlobalSection(ProjectConfigurationPlatforms) = postSolution
		{E4CE74EF-B832-485C-B68F-47CC9693C885}.Debug|Any CPU.ActiveCfg = Debug|Any CPU
		{E4CE74EF-B832-485C-B68F-47CC9693C885}.Debug|Any CPU.Build.0 = Debug|Any CPU
		{E4CE74EF-B832-485C-B68F-47CC9693C885}.Release|Any CPU.ActiveCfg = Release|Any CPU
		{E4CE74EF-B832-485C-B68F-47CC9693C885}.Release|Any CPU.Build.0 = Release|Any CPU
	EndGlobalSection
	GlobalSection(SolutionProperties) = preSolution
		HideSolutionNode = FALSE
	EndGlobalSection
	GlobalSection(ExtensibilityGlobals) = postSolution
		SolutionGuid = {BE6066A6-5136-4E7D-9D4E-2FB3EF080E57}
	EndGlobalSection
EndGlobal
